
Microsoft Visual Studio Solution File, Format Version 12.00
# Visual Studio 15
VisualStudioVersion = 15.0.28307.271
MinimumVisualStudioVersion = 10.0.40219.1
Project("{FAE04EC0-301F-11D3-BF4B-00C04F79EFBC}") = "CSharpToStreamBase", "CSharpToStreamBase.csproj", "{19DAD0D6-F789-4B15-9831-1B03C26C328B}"
EndProject
Global
	GlobalSection(SolutionConfigurationPlatforms) = preSolution
		Debug|Any CPU = Debug|Any CPU
		Release|Any CPU = Release|Any CPU
	EndGlobalSection
	GlobalSection(ProjectConfigurationPlatforms) = postSolution
		{19DAD0D6-F789-4B15-9831-1B03C26C328B}.Debug|Any CPU.ActiveCfg = Debug|Any CPU
		{19DAD0D6-F789-4B15-9831-1B03C26C328B}.Debug|Any CPU.Build.0 = Debug|Any CPU
		{19DAD0D6-F789-4B15-9831-1B03C26C328B}.Release|Any CPU.ActiveCfg = Release|Any CPU
		{19DAD0D6-F789-4B15-9831-1B03C26C328B}.Release|Any CPU.Build.0 = Release|Any CPU
	EndGlobalSection
	GlobalSection(SolutionProperties) = preSolution
		HideSolutionNode = FALSE
	EndGlobalSection
	GlobalSection(ExtensibilityGlobals) = postSolution
		SolutionGuid = {E5A0D3F8-9B29-43E6-A054-BEC575F11A93}
	EndGlobalSection
EndGlobal
